
Microsoft Visual Studio Solution File, Format Version 12.00
# Visual Studio Version 16
VisualStudioVersion = 16.0.30907.101
MinimumVisualStudioVersion = 10.0.40219.1
Project("{FAE04EC0-301F-11D3-BF4B-00C04F79EFBC}") = "CsvToSqlite", "CsvToSqlite\CsvToSqlite.csproj", "{115F9CF5-A8D8-45E8-BC49-BBDD05E5DA92}"
EndProject
Global
	GlobalSection(SolutionConfigurationPlatforms) = preSolution
		Debug|Any CPU = Debug|Any CPU
		Release|Any CPU = Release|Any CPU
	EndGlobalSection
	GlobalSection(ProjectConfigurationPlatforms) = postSolution
		{115F9CF5-A8D8-45E8-BC49-BBDD05E5DA92}.Debug|Any CPU.ActiveCfg = Debug|Any CPU
		{115F9CF5-A8D8-45E8-BC49-BBDD05E5DA92}.Debug|Any CPU.Build.0 = Debug|Any CPU
		{115F9CF5-A8D8-45E8-BC49-BBDD05E5DA92}.Release|Any CPU.ActiveCfg = Release|Any CPU
		{115F9CF5-A8D8-45E8-BC49-BBDD05E5DA92}.Release|Any CPU.Build.0 = Release|Any CPU
	EndGlobalSection
	GlobalSection(SolutionProperties) = preSolution
		HideSolutionNode = FALSE
	EndGlobalSection
	GlobalSection(ExtensibilityGlobals) = postSolution
		SolutionGuid = {BEBBDCF6-B905-416B-B993-84B55D349042}
	EndGlobalSection
EndGlobal
